
Microsoft Visual Studio Solution File, Format Version 12.00
# Visual Studio Version 17
VisualStudioVersion = 17.13.35931.197 d17.13
MinimumVisualStudioVersion = 10.0.40219.1
Project("{FAE04EC0-301F-11D3-BF4B-00C04F79EFBC}") = "RecipePlatform.Models", "RecipePlatform.Models\RecipePlatform.Models.csproj", "{EF3B9ECC-7041-4CA1-A9B3-7237D67CD730}"
EndProject
Global
	GlobalSection(SolutionConfigurationPlatforms) = preSolution
		Debug|Any CPU = Debug|Any CPU
		Release|Any CPU = Release|Any CPU
	EndGlobalSection
	GlobalSection(ProjectConfigurationPlatforms) = postSolution
		{EF3B9ECC-7041-4CA1-A9B3-7237D67CD730}.Debug|Any CPU.ActiveCfg = Debug|Any CPU
		{EF3B9ECC-7041-4CA1-A9B3-7237D67CD730}.Debug|Any CPU.Build.0 = Debug|Any CPU
		{EF3B9ECC-7041-4CA1-A9B3-7237D67CD730}.Release|Any CPU.ActiveCfg = Release|Any CPU
		{EF3B9ECC-7041-4CA1-A9B3-7237D67CD730}.Release|Any CPU.Build.0 = Release|Any CPU
	EndGlobalSection
	GlobalSection(SolutionProperties) = preSolution
		HideSolutionNode = FALSE
	EndGlobalSection
	GlobalSection(ExtensibilityGlobals) = postSolution
		SolutionGuid = {A7B2FE87-D2FE-4B27-A6E0-9AFE35AF9CB7}
	EndGlobalSection
EndGlobal
